
Microsoft Visual Studio Solution File, Format Version 12.00
# Visual Studio Version 17
VisualStudioVersion = 17.7.34202.233
MinimumVisualStudioVersion = 10.0.40219.1
Project("{9A19103F-16F7-4668-BE54-9A1E7A4F7556}") = "NHSISL.LibPostalClient", "NHSISL.LibPostalClient\NHSISL.LibPostalClient.csproj", "{8F716F8C-89E2-4B11-8220-234499B00A33}"
EndProject
Project("{9A19103F-16F7-4668-BE54-9A1E7A4F7556}") = "NHSISL.LibPostalClient.Infrastructure", "NHSISL.LibPostalClient.Infrastructure\NHSISL.LibPostalClient.Infrastructure.csproj", "{B99B5798-18E4-4DD9-8CDB-A08F6B89CA19}"
EndProject
Project("{9A19103F-16F7-4668-BE54-9A1E7A4F7556}") = "NHSISL.LibPostalClient.Tests.Unit", "NHSISL.LibPostalClient.Tests.Unit\NHSISL.LibPostalClient.Tests.Unit.csproj", "{7184373C-6377-4A12-8C05-95C2B87D56F5}"
EndProject
Project("{9A19103F-16F7-4668-BE54-9A1E7A4F7556}") = "NHSISL.LibPostalClient.Tests.Acceptance", "NHSISL.LibPostalClient.Tests.Acceptance\NHSISL.LibPostalClient.Tests.Acceptance.csproj", "{AB0D7591-3461-4E2B-BA6B-08A0063F9D50}"
EndProject
Global
	GlobalSection(SolutionConfigurationPlatforms) = preSolution
		Acceptance|Any CPU = Acceptance|Any CPU
		Debug|Any CPU = Debug|Any CPU
		Release|Any CPU = Release|Any CPU
		Test|Any CPU = Test|Any CPU
	EndGlobalSection
	GlobalSection(ProjectConfigurationPlatforms) = postSolution
		{8F716F8C-89E2-4B11-8220-234499B00A33}.Acceptance|Any CPU.ActiveCfg = Release|Any CPU
		{8F716F8C-89E2-4B11-8220-234499B00A33}.Acceptance|Any CPU.Build.0 = Release|Any CPU
		{8F716F8C-89E2-4B11-8220-234499B00A33}.Debug|Any CPU.ActiveCfg = Debug|Any CPU
		{8F716F8C-89E2-4B11-8220-234499B00A33}.Debug|Any CPU.Build.0 = Debug|Any CPU
		{8F716F8C-89E2-4B11-8220-234499B00A33}.Release|Any CPU.ActiveCfg = Release|Any CPU
		{8F716F8C-89E2-4B11-8220-234499B00A33}.Release|Any CPU.Build.0 = Release|Any CPU
		{8F716F8C-89E2-4B11-8220-234499B00A33}.Test|Any CPU.ActiveCfg = Release|Any CPU
		{8F716F8C-89E2-4B11-8220-234499B00A33}.Test|Any CPU.Build.0 = Release|Any CPU
		{B99B5798-18E4-4DD9-8CDB-A08F6B89CA19}.Acceptance|Any CPU.ActiveCfg = Release|Any CPU
		{B99B5798-18E4-4DD9-8CDB-A08F6B89CA19}.Acceptance|Any CPU.Build.0 = Release|Any CPU
		{B99B5798-18E4-4DD9-8CDB-A08F6B89CA19}.Debug|Any CPU.ActiveCfg = Debug|Any CPU
		{B99B5798-18E4-4DD9-8CDB-A08F6B89CA19}.Debug|Any CPU.Build.0 = Debug|Any CPU
		{B99B5798-18E4-4DD9-8CDB-A08F6B89CA19}.Release|Any CPU.ActiveCfg = Release|Any CPU
		{B99B5798-18E4-4DD9-8CDB-A08F6B89CA19}.Release|Any CPU.Build.0 = Release|Any CPU
		{B99B5798-18E4-4DD9-8CDB-A08F6B89CA19}.Test|Any CPU.ActiveCfg = Release|Any CPU
		{B99B5798-18E4-4DD9-8CDB-A08F6B89CA19}.Test|Any CPU.Build.0 = Release|Any CPU
		{7184373C-6377-4A12-8C05-95C2B87D56F5}.Acceptance|Any CPU.ActiveCfg = Acceptance|Any CPU
		{7184373C-6377-4A12-8C05-95C2B87D56F5}.Acceptance|Any CPU.Build.0 = Acceptance|Any CPU
		{7184373C-6377-4A12-8C05-95C2B87D56F5}.Debug|Any CPU.ActiveCfg = Debug|Any CPU
		{7184373C-6377-4A12-8C05-95C2B87D56F5}.Debug|Any CPU.Build.0 = Debug|Any CPU
		{7184373C-6377-4A12-8C05-95C2B87D56F5}.Release|Any CPU.ActiveCfg = Release|Any CPU
		{7184373C-6377-4A12-8C05-95C2B87D56F5}.Release|Any CPU.Build.0 = Release|Any CPU
		{7184373C-6377-4A12-8C05-95C2B87D56F5}.Test|Any CPU.ActiveCfg = Test|Any CPU
		{7184373C-6377-4A12-8C05-95C2B87D56F5}.Test|Any CPU.Build.0 = Test|Any CPU
		{AB0D7591-3461-4E2B-BA6B-08A0063F9D50}.Acceptance|Any CPU.ActiveCfg = Acceptance|Any CPU
		{AB0D7591-3461-4E2B-BA6B-08A0063F9D50}.Acceptance|Any CPU.Build.0 = Acceptance|Any CPU
		{AB0D7591-3461-4E2B-BA6B-08A0063F9D50}.Debug|Any CPU.ActiveCfg = Debug|Any CPU
		{AB0D7591-3461-4E2B-BA6B-08A0063F9D50}.Debug|Any CPU.Build.0 = Debug|Any CPU
		{AB0D7591-3461-4E2B-BA6B-08A0063F9D50}.Release|Any CPU.ActiveCfg = Release|Any CPU
		{AB0D7591-3461-4E2B-BA6B-08A0063F9D50}.Release|Any CPU.Build.0 = Release|Any CPU
		{AB0D7591-3461-4E2B-BA6B-08A0063F9D50}.Test|Any CPU.ActiveCfg = Test|Any CPU
		{AB0D7591-3461-4E2B-BA6B-08A0063F9D50}.Test|Any CPU.Build.0 = Test|Any CPU
	EndGlobalSection
	GlobalSection(SolutionProperties) = preSolution
		HideSolutionNode = FALSE
	EndGlobalSection
	GlobalSection(ExtensibilityGlobals) = postSolution
		SolutionGuid = {48B8B835-3204-4034-8944-F129304C43D1}
	EndGlobalSection
EndGlobal
